
Microsoft Visual Studio Solution File, Format Version 12.00
# Visual Studio Version 16
VisualStudioVersion = 16.0.31205.134
MinimumVisualStudioVersion = 10.0.40219.1
Project("{FAE04EC0-301F-11D3-BF4B-00C04F79EFBC}") = "prjProject", "prjProject\prjProject.csproj", "{B329303C-EC98-4B53-B3F9-E98C83F190BB}"
EndProject
Project("{FAE04EC0-301F-11D3-BF4B-00C04F79EFBC}") = "WindowsFormsApp2", "WindowsFormsApp2\WindowsFormsApp2.csproj", "{9801FB5F-D00A-4526-AAEB-68D7B05C64AA}"
EndProject
Project("{FAE04EC0-301F-11D3-BF4B-00C04F79EFBC}") = "Project_期中專案", "Project_期中專案\Project_期中專案.csproj", "{48C982F9-49DA-494D-B315-A75C2F4FF9C8}"
EndProject
Project("{FAE04EC0-301F-11D3-BF4B-00C04F79EFBC}") = "yhsh", "yhsh\yhsh.csproj", "{3100C92C-B1CE-4EF0-AF93-F21F0855B721}"
EndProject
Project("{FAE04EC0-301F-11D3-BF4B-00C04F79EFBC}") = "seller", "seller\seller.csproj", "{1AB8C8D0-EAD1-4DAE-93E0-55354F03FBC1}"
EndProject
Global
	GlobalSection(SolutionConfigurationPlatforms) = preSolution
		Debug|Any CPU = Debug|Any CPU
		Release|Any CPU = Release|Any CPU
	EndGlobalSection
	GlobalSection(ProjectConfigurationPlatforms) = postSolution
		{B329303C-EC98-4B53-B3F9-E98C83F190BB}.Debug|Any CPU.ActiveCfg = Debug|Any CPU
		{B329303C-EC98-4B53-B3F9-E98C83F190BB}.Debug|Any CPU.Build.0 = Debug|Any CPU
		{B329303C-EC98-4B53-B3F9-E98C83F190BB}.Release|Any CPU.ActiveCfg = Release|Any CPU
		{B329303C-EC98-4B53-B3F9-E98C83F190BB}.Release|Any CPU.Build.0 = Release|Any CPU
		{9801FB5F-D00A-4526-AAEB-68D7B05C64AA}.Debug|Any CPU.ActiveCfg = Debug|Any CPU
		{9801FB5F-D00A-4526-AAEB-68D7B05C64AA}.Debug|Any CPU.Build.0 = Debug|Any CPU
		{9801FB5F-D00A-4526-AAEB-68D7B05C64AA}.Release|Any CPU.ActiveCfg = Release|Any CPU
		{9801FB5F-D00A-4526-AAEB-68D7B05C64AA}.Release|Any CPU.Build.0 = Release|Any CPU
		{48C982F9-49DA-494D-B315-A75C2F4FF9C8}.Debug|Any CPU.ActiveCfg = Debug|Any CPU
		{48C982F9-49DA-494D-B315-A75C2F4FF9C8}.Debug|Any CPU.Build.0 = Debug|Any CPU
		{48C982F9-49DA-494D-B315-A75C2F4FF9C8}.Release|Any CPU.ActiveCfg = Release|Any CPU
		{48C982F9-49DA-494D-B315-A75C2F4FF9C8}.Release|Any CPU.Build.0 = Release|Any CPU
		{3100C92C-B1CE-4EF0-AF93-F21F0855B721}.Debug|Any CPU.ActiveCfg = Debug|Any CPU
		{3100C92C-B1CE-4EF0-AF93-F21F0855B721}.Debug|Any CPU.Build.0 = Debug|Any CPU
		{3100C92C-B1CE-4EF0-AF93-F21F0855B721}.Release|Any CPU.ActiveCfg = Release|Any CPU
		{3100C92C-B1CE-4EF0-AF93-F21F0855B721}.Release|Any CPU.Build.0 = Release|Any CPU
		{1AB8C8D0-EAD1-4DAE-93E0-55354F03FBC1}.Debug|Any CPU.ActiveCfg = Debug|Any CPU
		{1AB8C8D0-EAD1-4DAE-93E0-55354F03FBC1}.Debug|Any CPU.Build.0 = Debug|Any CPU
		{1AB8C8D0-EAD1-4DAE-93E0-55354F03FBC1}.Release|Any CPU.ActiveCfg = Release|Any CPU
		{1AB8C8D0-EAD1-4DAE-93E0-55354F03FBC1}.Release|Any CPU.Build.0 = Release|Any CPU
	EndGlobalSection
	GlobalSection(SolutionProperties) = preSolution
		HideSolutionNode = FALSE
	EndGlobalSection
	GlobalSection(ExtensibilityGlobals) = postSolution
		SolutionGuid = {D5B947E0-52F6-4688-BDCE-8F4975E65348}
	EndGlobalSection
EndGlobal
